
Microsoft Visual Studio Solution File, Format Version 12.00
# Visual Studio 15
VisualStudioVersion = 15.0.26124.0
MinimumVisualStudioVersion = 15.0.26124.0
Project("{FAE04EC0-301F-11D3-BF4B-00C04F79EFBC}") = "API", "API\API.csproj", "{7EE4F745-1DCF-435C-AB39-ABFC17ABA907}"
EndProject
Project("{FAE04EC0-301F-11D3-BF4B-00C04F79EFBC}") = "Core", "Core\Core.csproj", "{EDCF7FF8-2CB7-4012-A7F7-CF9810192D38}"
EndProject
Project("{FAE04EC0-301F-11D3-BF4B-00C04F79EFBC}") = "Infrastructure", "Infrastructure\Infrastructure.csproj", "{0191D5BB-7F34-4C40-A90B-6804980F59E6}"
EndProject
Global
	GlobalSection(SolutionConfigurationPlatforms) = preSolution
		Debug|Any CPU = Debug|Any CPU
		Debug|x64 = Debug|x64
		Debug|x86 = Debug|x86
		Release|Any CPU = Release|Any CPU
		Release|x64 = Release|x64
		Release|x86 = Release|x86
	EndGlobalSection
	GlobalSection(SolutionProperties) = preSolution
		HideSolutionNode = FALSE
	EndGlobalSection
	GlobalSection(ProjectConfigurationPlatforms) = postSolution
		{7EE4F745-1DCF-435C-AB39-ABFC17ABA907}.Debug|Any CPU.ActiveCfg = Debug|Any CPU
		{7EE4F745-1DCF-435C-AB39-ABFC17ABA907}.Debug|Any CPU.Build.0 = Debug|Any CPU
		{7EE4F745-1DCF-435C-AB39-ABFC17ABA907}.Debug|x64.ActiveCfg = Debug|Any CPU
		{7EE4F745-1DCF-435C-AB39-ABFC17ABA907}.Debug|x64.Build.0 = Debug|Any CPU
		{7EE4F745-1DCF-435C-AB39-ABFC17ABA907}.Debug|x86.ActiveCfg = Debug|Any CPU
		{7EE4F745-1DCF-435C-AB39-ABFC17ABA907}.Debug|x86.Build.0 = Debug|Any CPU
		{7EE4F745-1DCF-435C-AB39-ABFC17ABA907}.Release|Any CPU.ActiveCfg = Release|Any CPU
		{7EE4F745-1DCF-435C-AB39-ABFC17ABA907}.Release|Any CPU.Build.0 = Release|Any CPU
		{7EE4F745-1DCF-435C-AB39-ABFC17ABA907}.Release|x64.ActiveCfg = Release|Any CPU
		{7EE4F745-1DCF-435C-AB39-ABFC17ABA907}.Release|x64.Build.0 = Release|Any CPU
		{7EE4F745-1DCF-435C-AB39-ABFC17ABA907}.Release|x86.ActiveCfg = Release|Any CPU
		{7EE4F745-1DCF-435C-AB39-ABFC17ABA907}.Release|x86.Build.0 = Release|Any CPU
		{EDCF7FF8-2CB7-4012-A7F7-CF9810192D38}.Debug|Any CPU.ActiveCfg = Debug|Any CPU
		{EDCF7FF8-2CB7-4012-A7F7-CF9810192D38}.Debug|Any CPU.Build.0 = Debug|Any CPU
		{EDCF7FF8-2CB7-4012-A7F7-CF9810192D38}.Debug|x64.ActiveCfg = Debug|Any CPU
		{EDCF7FF8-2CB7-4012-A7F7-CF9810192D38}.Debug|x64.Build.0 = Debug|Any CPU
		{EDCF7FF8-2CB7-4012-A7F7-CF9810192D38}.Debug|x86.ActiveCfg = Debug|Any CPU
		{EDCF7FF8-2CB7-4012-A7F7-CF9810192D38}.Debug|x86.Build.0 = Debug|Any CPU
		{EDCF7FF8-2CB7-4012-A7F7-CF9810192D38}.Release|Any CPU.ActiveCfg = Release|Any CPU
		{EDCF7FF8-2CB7-4012-A7F7-CF9810192D38}.Release|Any CPU.Build.0 = Release|Any CPU
		{EDCF7FF8-2CB7-4012-A7F7-CF9810192D38}.Release|x64.ActiveCfg = Release|Any CPU
		{EDCF7FF8-2CB7-4012-A7F7-CF9810192D38}.Release|x64.Build.0 = Release|Any CPU
		{EDCF7FF8-2CB7-4012-A7F7-CF9810192D38}.Release|x86.ActiveCfg = Release|Any CPU
		{EDCF7FF8-2CB7-4012-A7F7-CF9810192D38}.Release|x86.Build.0 = Release|Any CPU
		{0191D5BB-7F34-4C40-A90B-6804980F59E6}.Debug|Any CPU.ActiveCfg = Debug|Any CPU
		{0191D5BB-7F34-4C40-A90B-6804980F59E6}.Debug|Any CPU.Build.0 = Debug|Any CPU
		{0191D5BB-7F34-4C40-A90B-6804980F59E6}.Debug|x64.ActiveCfg = Debug|Any CPU
		{0191D5BB-7F34-4C40-A90B-6804980F59E6}.Debug|x64.Build.0 = Debug|Any CPU
		{0191D5BB-7F34-4C40-A90B-6804980F59E6}.Debug|x86.ActiveCfg = Debug|Any CPU
		{0191D5BB-7F34-4C40-A90B-6804980F59E6}.Debug|x86.Build.0 = Debug|Any CPU
		{0191D5BB-7F34-4C40-A90B-6804980F59E6}.Release|Any CPU.ActiveCfg = Release|Any CPU
		{0191D5BB-7F34-4C40-A90B-6804980F59E6}.Release|Any CPU.Build.0 = Release|Any CPU
		{0191D5BB-7F34-4C40-A90B-6804980F59E6}.Release|x64.ActiveCfg = Release|Any CPU
		{0191D5BB-7F34-4C40-A90B-6804980F59E6}.Release|x64.Build.0 = Release|Any CPU
		{0191D5BB-7F34-4C40-A90B-6804980F59E6}.Release|x86.ActiveCfg = Release|Any CPU
		{0191D5BB-7F34-4C40-A90B-6804980F59E6}.Release|x86.Build.0 = Release|Any CPU
	EndGlobalSection
EndGlobal
